schema: '2.0'
stages:
  preprocess:
    cmd: python preprocess.py
    deps:
    - path: large_files/demoOfLargefile.txt
      hash: md5
      md5: 556cd655f3fcec149e0f27b54abbee5b
      size: 103
    - path: preprocess.py
      hash: md5
      md5: 8588d538500cede1eb815ea99018bef4
      size: 270
    outs:
    - path: data/processed.txt
      hash: md5
      md5: 58865d5e75dcf5444a9989adde3a234b
      size: 104
  train:
    cmd: python train.py
    deps:
    - path: data/processed.txt
      hash: md5
      md5: 58865d5e75dcf5444a9989adde3a234b
      size: 104
    - path: params.yaml
      hash: md5
      md5: 2e4b0dab259d2d6e040747f7225a3342
      size: 30
    - path: train.py
      hash: md5
      md5: ca8f1f314f5f0e6091e745e281440982
      size: 539
    outs:
    - path: output/metrics.json
      hash: md5
      md5: 5d00cb61f0cfbd57f8a38ff9dab6bdeb
      size: 34
